
Microsoft Visual Studio Solution File, Format Version 12.00
# Visual Studio Version 17
VisualStudioVersion = 17.2.32616.157
MinimumVisualStudioVersion = 10.0.40219.1
Project("{FAE04EC0-301F-11D3-BF4B-00C04F79EFBC}") = "NorthwindEfCodeFirst1", "NorthwindEfCodeFirst1\NorthwindEfCodeFirst1.csproj", "{DA538988-4C20-4E85-93D6-1E74F4E36792}"
EndProject
Global
	GlobalSection(SolutionConfigurationPlatforms) = preSolution
		Debug|Any CPU = Debug|Any CPU
		Release|Any CPU = Release|Any CPU
	EndGlobalSection
	GlobalSection(ProjectConfigurationPlatforms) = postSolution
		{DA538988-4C20-4E85-93D6-1E74F4E36792}.Debug|Any CPU.ActiveCfg = Debug|Any CPU
		{DA538988-4C20-4E85-93D6-1E74F4E36792}.Debug|Any CPU.Build.0 = Debug|Any CPU
		{DA538988-4C20-4E85-93D6-1E74F4E36792}.Release|Any CPU.ActiveCfg = Release|Any CPU
		{DA538988-4C20-4E85-93D6-1E74F4E36792}.Release|Any CPU.Build.0 = Release|Any CPU
	EndGlobalSection
	GlobalSection(SolutionProperties) = preSolution
		HideSolutionNode = FALSE
	EndGlobalSection
	GlobalSection(ExtensibilityGlobals) = postSolution
		SolutionGuid = {2AF3A14E-82BB-464B-82A9-2D6D6B69F6E5}
	EndGlobalSection
EndGlobal
